
Microsoft Visual Studio Solution File, Format Version 12.00
# Visual Studio 15
Project("{FAE04EC0-301F-11D3-BF4B-00C04F79EFBC}") = "AccountManager1", "AccountManager1\AccountManager1\AccountManager1.csproj", "{1B66F256-B1AF-4D40-9925-315A17437D00}"
EndProject
Project("{FAE04EC0-301F-11D3-BF4B-00C04F79EFBC}") = "AccountManager1.Desktop", "AccountManager1\AccountManager1.Desktop\AccountManager1.Desktop.csproj", "{96C322A3-AC30-4D77-991A-8B887B809681}"
EndProject
Global
	GlobalSection(SolutionConfigurationPlatforms) = preSolution
		Debug|Any CPU = Debug|Any CPU
		Release|Any CPU = Release|Any CPU
	EndGlobalSection
	GlobalSection(ProjectConfigurationPlatforms) = postSolution
		{1B66F256-B1AF-4D40-9925-315A17437D00}.Debug|Any CPU.ActiveCfg = Debug|Any CPU
		{1B66F256-B1AF-4D40-9925-315A17437D00}.Debug|Any CPU.Build.0 = Debug|Any CPU
		{1B66F256-B1AF-4D40-9925-315A17437D00}.Release|Any CPU.ActiveCfg = Release|Any CPU
		{1B66F256-B1AF-4D40-9925-315A17437D00}.Release|Any CPU.Build.0 = Release|Any CPU
		{96C322A3-AC30-4D77-991A-8B887B809681}.Debug|Any CPU.ActiveCfg = Debug|Any CPU
		{96C322A3-AC30-4D77-991A-8B887B809681}.Debug|Any CPU.Build.0 = Debug|Any CPU
		{96C322A3-AC30-4D77-991A-8B887B809681}.Release|Any CPU.ActiveCfg = Release|Any CPU
		{96C322A3-AC30-4D77-991A-8B887B809681}.Release|Any CPU.Build.0 = Release|Any CPU
	EndGlobalSection
EndGlobal
